
Microsoft Visual Studio Solution File, Format Version 12.00
# Visual Studio Version 17
VisualStudioVersion = 17.0.31611.283
MinimumVisualStudioVersion = 10.0.40219.1
Project("{9A19103F-16F7-4668-BE54-9A1E7A4F7556}") = "VaccineApp", "VaccineApp.csproj", "{4ED28A29-2678-4324-83B8-162A22AEDBEA}"
EndProject
Project("{9A19103F-16F7-4668-BE54-9A1E7A4F7556}") = "Core", "..\Core\Core.csproj", "{33C539C6-3E8E-496B-AF9B-05D2376FEE28}"
EndProject
Project("{9A19103F-16F7-4668-BE54-9A1E7A4F7556}") = "DAL", "..\DAL\DAL.csproj", "{3131982F-0667-43E5-A8D6-FA295F2D7BE3}"
EndProject
Project("{9A19103F-16F7-4668-BE54-9A1E7A4F7556}") = "Auth", "..\Auth\Auth.csproj", "{B6847625-D2BC-4C7B-A51D-0759A3E92A21}"
EndProject
Project("{9A19103F-16F7-4668-BE54-9A1E7A4F7556}") = "RealCache", "..\RealCache\RealCache.csproj", "{5C96D93C-6A2B-4B0F-A43C-7F6B1EFA887A}"
EndProject
Project("{9A19103F-16F7-4668-BE54-9A1E7A4F7556}") = "Core.Tests", "..\..\test\Core.Tests\Core.Tests.csproj", "{CE3B03E6-DAE5-493C-83EF-5D29FEA84DD8}"
EndProject
Project("{2150E333-8FDC-42A3-9474-1A3956D46DE8}") = "src", "src", "{C555712D-22E7-4331-9660-BCFB9A0072B8}"
EndProject
Project("{2150E333-8FDC-42A3-9474-1A3956D46DE8}") = "test", "test", "{09615967-91C5-4204-90D8-9D0E666C2760}"
EndProject
Global
	GlobalSection(SolutionConfigurationPlatforms) = preSolution
		Debug|Any CPU = Debug|Any CPU
		Release|Any CPU = Release|Any CPU
	EndGlobalSection
	GlobalSection(ProjectConfigurationPlatforms) = postSolution
		{4ED28A29-2678-4324-83B8-162A22AEDBEA}.Debug|Any CPU.ActiveCfg = Debug|Any CPU
		{4ED28A29-2678-4324-83B8-162A22AEDBEA}.Debug|Any CPU.Build.0 = Debug|Any CPU
		{4ED28A29-2678-4324-83B8-162A22AEDBEA}.Debug|Any CPU.Deploy.0 = Debug|Any CPU
		{4ED28A29-2678-4324-83B8-162A22AEDBEA}.Release|Any CPU.ActiveCfg = Release|Any CPU
		{4ED28A29-2678-4324-83B8-162A22AEDBEA}.Release|Any CPU.Build.0 = Release|Any CPU
		{4ED28A29-2678-4324-83B8-162A22AEDBEA}.Release|Any CPU.Deploy.0 = Release|Any CPU
		{33C539C6-3E8E-496B-AF9B-05D2376FEE28}.Debug|Any CPU.ActiveCfg = Debug|Any CPU
		{33C539C6-3E8E-496B-AF9B-05D2376FEE28}.Debug|Any CPU.Build.0 = Debug|Any CPU
		{33C539C6-3E8E-496B-AF9B-05D2376FEE28}.Release|Any CPU.ActiveCfg = Release|Any CPU
		{33C539C6-3E8E-496B-AF9B-05D2376FEE28}.Release|Any CPU.Build.0 = Release|Any CPU
		{3131982F-0667-43E5-A8D6-FA295F2D7BE3}.Debug|Any CPU.ActiveCfg = Debug|Any CPU
		{3131982F-0667-43E5-A8D6-FA295F2D7BE3}.Debug|Any CPU.Build.0 = Debug|Any CPU
		{3131982F-0667-43E5-A8D6-FA295F2D7BE3}.Release|Any CPU.ActiveCfg = Release|Any CPU
		{3131982F-0667-43E5-A8D6-FA295F2D7BE3}.Release|Any CPU.Build.0 = Release|Any CPU
		{B6847625-D2BC-4C7B-A51D-0759A3E92A21}.Debug|Any CPU.ActiveCfg = Debug|Any CPU
		{B6847625-D2BC-4C7B-A51D-0759A3E92A21}.Debug|Any CPU.Build.0 = Debug|Any CPU
		{B6847625-D2BC-4C7B-A51D-0759A3E92A21}.Release|Any CPU.ActiveCfg = Release|Any CPU
		{B6847625-D2BC-4C7B-A51D-0759A3E92A21}.Release|Any CPU.Build.0 = Release|Any CPU
		{5C96D93C-6A2B-4B0F-A43C-7F6B1EFA887A}.Debug|Any CPU.ActiveCfg = Debug|Any CPU
		{5C96D93C-6A2B-4B0F-A43C-7F6B1EFA887A}.Debug|Any CPU.Build.0 = Debug|Any CPU
		{5C96D93C-6A2B-4B0F-A43C-7F6B1EFA887A}.Release|Any CPU.ActiveCfg = Release|Any CPU
		{5C96D93C-6A2B-4B0F-A43C-7F6B1EFA887A}.Release|Any CPU.Build.0 = Release|Any CPU
		{CE3B03E6-DAE5-493C-83EF-5D29FEA84DD8}.Debug|Any CPU.ActiveCfg = Debug|Any CPU
		{CE3B03E6-DAE5-493C-83EF-5D29FEA84DD8}.Debug|Any CPU.Build.0 = Debug|Any CPU
		{CE3B03E6-DAE5-493C-83EF-5D29FEA84DD8}.Release|Any CPU.ActiveCfg = Release|Any CPU
		{CE3B03E6-DAE5-493C-83EF-5D29FEA84DD8}.Release|Any CPU.Build.0 = Release|Any CPU
	EndGlobalSection
	GlobalSection(SolutionProperties) = preSolution
		HideSolutionNode = FALSE
	EndGlobalSection
	GlobalSection(NestedProjects) = preSolution
		{4ED28A29-2678-4324-83B8-162A22AEDBEA} = {C555712D-22E7-4331-9660-BCFB9A0072B8}
		{33C539C6-3E8E-496B-AF9B-05D2376FEE28} = {C555712D-22E7-4331-9660-BCFB9A0072B8}
		{3131982F-0667-43E5-A8D6-FA295F2D7BE3} = {C555712D-22E7-4331-9660-BCFB9A0072B8}
		{B6847625-D2BC-4C7B-A51D-0759A3E92A21} = {C555712D-22E7-4331-9660-BCFB9A0072B8}
		{5C96D93C-6A2B-4B0F-A43C-7F6B1EFA887A} = {C555712D-22E7-4331-9660-BCFB9A0072B8}
		{CE3B03E6-DAE5-493C-83EF-5D29FEA84DD8} = {09615967-91C5-4204-90D8-9D0E666C2760}
	EndGlobalSection
	GlobalSection(ExtensibilityGlobals) = postSolution
		SolutionGuid = {61F7FB11-1E47-470C-91E2-47F8143E1572}
	EndGlobalSection
EndGlobal
